lockfileVersion: '9.0'

settings:
  autoInstallPeers: true
  excludeLinksFromLockfile: false

importers:

  .:
    dependencies:
      quickjs-emscripten:
        specifier: ^0.31.0
        version: 0.31.0
    devDependencies:
      typescript:
        specifier: ^5.6.3
        version: 5.6.3

packages:

  '@jitl/quickjs-ffi-types@0.31.0':
    resolution: {integrity: sha512-1yrgvXlmXH2oNj3eFTrkwacGJbmM0crwipA3ohCrjv52gBeDaD7PsTvFYinlAnqU8iPME3LGP437yk05a2oejw==}

  '@jitl/quickjs-wasmfile-debug-asyncify@0.31.0':
    resolution: {integrity: sha512-YkdzQdr1uaftFhgEnTRjTTZHk2SFZdpWO7XhOmRVbi6CEVsH9g5oNF8Ta1q3OuSJHRwwT8YsuR1YzEiEIJEk6w==}

  '@jitl/quickjs-wasmfile-debug-sync@0.31.0':
    resolution: {integrity: sha512-8XvloaaWBONqcHXYs5tWOjdhQVxzULilIfB2hvZfS6S+fI4m2+lFiwQy7xeP8ExHmiZ7D8gZGChNkdLgjGfknw==}

  '@jitl/quickjs-wasmfile-release-asyncify@0.31.0':
    resolution: {integrity: sha512-uz0BbQYTxNsFkvkurd7vk2dOg57ElTBLCuvNtRl4rgrtbC++NIndD5qv2+AXb6yXDD3Uy1O2PCwmoaH0eXgEOg==}

  '@jitl/quickjs-wasmfile-release-sync@0.31.0':
    resolution: {integrity: sha512-hYduecOByj9AsAfsJhZh5nA6exokmuFC8cls39+lYmTCGY51bgjJJJwReEu7Ff7vBWaQCL6TeDdVlnp2WYz0jw==}

  quickjs-emscripten-core@0.31.0:
    resolution: {integrity: sha512-oQz8p0SiKDBc1TC7ZBK2fr0GoSHZKA0jZIeXxsnCyCs4y32FStzCW4d1h6E1sE0uHDMbGITbk2zhNaytaoJwXQ==}

  quickjs-emscripten@0.31.0:
    resolution: {integrity: sha512-K7Yt78aRPLjPcqv3fIuLW1jW3pvwO21B9pmFOolsjM/57ZhdVXBr51GqJpalgBlkPu9foAvhEAuuQPnvIGvLvQ==}
    engines: {node: '>=16.0.0'}

  typescript@5.6.3:
    resolution: {integrity: sha512-hjcS1mhfuyi4WW8IWtjP7brDrG2cuDZukyrYrSauoXGNgx0S7zceP07adYkJycEr56BOUTNPzbInooiN3fn1qw==}
    engines: {node: '>=14.17'}
    hasBin: true

snapshots:

  '@jitl/quickjs-ffi-types@0.31.0': {}

  '@jitl/quickjs-wasmfile-debug-asyncify@0.31.0':
    dependencies:
      '@jitl/quickjs-ffi-types': 0.31.0

  '@jitl/quickjs-wasmfile-debug-sync@0.31.0':
    dependencies:
      '@jitl/quickjs-ffi-types': 0.31.0

  '@jitl/quickjs-wasmfile-release-asyncify@0.31.0':
    dependencies:
      '@jitl/quickjs-ffi-types': 0.31.0

  '@jitl/quickjs-wasmfile-release-sync@0.31.0':
    dependencies:
      '@jitl/quickjs-ffi-types': 0.31.0

  quickjs-emscripten-core@0.31.0:
    dependencies:
      '@jitl/quickjs-ffi-types': 0.31.0

  quickjs-emscripten@0.31.0:
    dependencies:
      '@jitl/quickjs-wasmfile-debug-asyncify': 0.31.0
      '@jitl/quickjs-wasmfile-debug-sync': 0.31.0
      '@jitl/quickjs-wasmfile-release-asyncify': 0.31.0
      '@jitl/quickjs-wasmfile-release-sync': 0.31.0
      quickjs-emscripten-core: 0.31.0

  typescript@5.6.3: {}
